// !$*UTF8*$!
{
	archiveVersion = 1;
	classes = {
	};
	objectVersion = 50;
	objects = {

/* Begin PBXBuildFile section */
		FCBC1A3A20C930ED0040644A /* AppDelegate.swift in Sources */ = {isa = PBXBuildFile; fileRef = FCBC1A3920C930ED0040644A /* AppDelegate.swift */; };
		FCBC1A3C20C930ED0040644A /* ViewController.swift in Sources */ = {isa = PBXBuildFile; fileRef = FCBC1A3B20C930ED0040644A /* ViewController.swift */; };
		FCBC1A3F20C930ED0040644A /* Main.storyboard in Resources */ = {isa = PBXBuildFile; fileRef = FCBC1A3D20C930ED0040644A /* Main.storyboard */; };
		FCBC1A4220C930ED0040644A /* Dialer.xcdatamodeld in Sources */ = {isa = PBXBuildFile; fileRef = FCBC1A4020C930ED0040644A /* Dialer.xcdatamodeld */; };
		FCBC1A4420C930F00040644A /* Assets.xcassets in Resources */ = {isa = PBXBuildFile; fileRef = FCBC1A4320C930F00040644A /* Assets.xcassets */; };
		FCBC1A4720C930F00040644A /* LaunchScreen.storyboard in Resources */ = {isa = PBXBuildFile; fileRef = FCBC1A4520C930F00040644A /* LaunchScreen.storyboard */; };
/* End PBXBuildFile section */

/* Begin PBXFileReference section */
		FCBC1A3620C930ED0040644A /* Dialer.app */ = {isa = PBXFileReference; explicitFileType = wrapper.application; includeInIndex = 0; path = Dialer.app; sourceTree = BUILT_PRODUCTS_DIR; };
		FCBC1A3920C930ED0040644A /* AppDelegate.swift */ = {isa = PBXFileReference; lastKnownFileType = sourcecode.swift; path = AppDelegate.swift; sourceTree = "<group>"; };
		FCBC1A3B20C930ED0040644A /* ViewController.swift */ = {isa = PBXFileReference; lastKnownFileType = sourcecode.swift; path = ViewController.swift; sourceTree = "<group>"; };
		FCBC1A3E20C930ED0040644A /* Base */ = {isa = PBXFileReference; lastKnownFileType = file.storyboard; name = Base; path = Base.lproj/Main.storyboard; sourceTree = "<group>"; };
		FCBC1A4120C930ED0040644A /* Dialer.xcdatamodel */ = {isa = PBXFileReference; lastKnownFileType = wrapper.xcdatamodel; path = Dialer.xcdatamodel; sourceTree = "<group>"; };
		FCBC1A4320C930F00040644A /* Assets.xcassets */ = {isa = PBXFileReference; lastKnownFileType = folder.assetcatalog; path = Assets.xcassets; sourceTree = "<group>"; };
		FCBC1A4620C930F00040644A /* Base */ = {isa = PBXFileReference; lastKnownFileType = file.storyboard; name = Base; path = Base.lproj/LaunchScreen.storyboard; sourceTree = "<group>"; };
		FCBC1A4820C930F00040644A /* Info.plist */ = {isa = PBXFileReference; lastKnownFileType = text.plist.xml; path = Info.plist; sourceTree = "<group>"; };
/* End PBXFileReference section */

/* Begin PBXFrameworksBuildPhase section */
		FCBC1A3320C930ED0040644A /* Frameworks */ = {
			isa = PBXFrameworksBuildPhase;
			buildActionMask = 2147483647;
			files = (
			);
			runOnlyForDeploymentPostprocessing = 0;
		};
/* End PBXFrameworksBuildPhase section */

/* Begin PBXGroup section */
		FCBC1A2D20C930ED0040644A = {
			isa = PBXGroup;
			children = (
				FCBC1A3820C930ED0040644A /* Dialer */,
				FCBC1A3720C930ED0040644A /* Products */,
			);
			sourceTree = "<group>";
		};
		FCBC1A3720C930ED0040644A /* Products */ = {
			isa = PBXGroup;
			children = (
				FCBC1A3620C930ED0040644A /* Dialer.app */,
			);
			name = Products;
			sourceTree = "<group>";
		};
		FCBC1A3820C930ED0040644A /* Dialer */ = {
			isa = PBXGroup;
			children = (
				FCBC1A3920C930ED0040644A /* AppDelegate.swift */,
				FCBC1A3B20C930ED0040644A /* ViewController.swift */,
				FCBC1A3D20C930ED0040644A /* Main.storyboard */,
				FCBC1A4320C930F00040644A /* Assets.xcassets */,
				FCBC1A4520C930F00040644A /* LaunchScreen.storyboard */,
				FCBC1A4820C930F00040644A /* Info.plist */,
				FCBC1A4020C930ED0040644A /* Dialer.xcdatamodeld */,
			);
			path = Dialer;
			sourceTree = "<group>";
		};
/* End PBXGroup section */

/* Begin PBXNativeTarget section */
		FCBC1A3520C930ED0040644A /* Dialer */ = {
			isa = PBXNativeTarget;
			buildConfigurationList = FCBC1A4B20C930F00040644A /* Build configuration list for PBXNativeTarget "Dialer" */;
			buildPhases = (
				FCBC1A3220C930ED0040644A /* Sources */,
				FCBC1A3320C930ED0040644A /* Frameworks */,
				FCBC1A3420C930ED0040644A /* Resources */,
			);
			buildRules = (
			);
			dependencies = (
			);
			name = Dialer;
			productName = Dialer;
			productReference = FCBC1A3620C930ED0040644A /* Dialer.app */;
			productType = "com.apple.product-type.application";
		};
/* End PBXNativeTarget section */

/* Begin PBXProject section */
		FCBC1A2E20C930ED0040644A /* Project object */ = {
			isa = PBXProject;
			attributes = {
				LastSwiftUpdateCheck = 0930;
				LastUpgradeCheck = 0930;
				ORGANIZATIONNAME = Jagruti;
				TargetAttributes = {
					FCBC1A3520C930ED0040644A = {
						CreatedOnToolsVersion = 9.3.1;
					};
				};
			};
			buildConfigurationList = FCBC1A3120C930ED0040644A /* Build configuration list for PBXProject "Dialer" */;
			compatibilityVersion = "Xcode 9.3";
			developmentRegion = en;
			hasScannedForEncodings = 0;
			knownRegions = (
				en,
				Base,
			);
			mainGroup = FCBC1A2D20C930ED0040644A;
			productRefGroup = FCBC1A3720C930ED0040644A /* Products */;
			projectDirPath = "";
			projectRoot = "";
			targets = (
				FCBC1A3520C930ED0040644A /* Dialer */,
			);
		};
/* End PBXProject section */

/* Begin PBXResourcesBuildPhase section */
		FCBC1A3420C930ED0040644A /* Resources */ = {
			isa = PBXResourcesBuildPhase;
			buildActionMask = 2147483647;
			files = (
				FCBC1A4720C930F00040644A /* LaunchScreen.storyboard in Resources */,
				FCBC1A4420C930F00040644A /* Assets.xcassets in Resources */,
				FCBC1A3F20C930ED0040644A /* Main.storyboard in Resources */,
			);
			runOnlyForDeploymentPostprocessing = 0;
		};
/* End PBXResourcesBuildPhase section */

/* Begin PBXSourcesBuildPhase section */
		FCBC1A3220C930ED0040644A /* Sources */ = {
			isa = PBXSourcesBuildPhase;
			buildActionMask = 2147483647;
			files = (
				FCBC1A4220C930ED0040644A /* Dialer.xcdatamodeld in Sources */,
				FCBC1A3C20C930ED0040644A /* ViewController.swift in Sources */,
				FCBC1A3A20C930ED0040644A /* AppDelegate.swift in Sources */,
			);
			runOnlyForDeploymentPostprocessing = 0;
		};
/* End PBXSourcesBuildPhase section */

/* Begin PBXVariantGroup section */
		FCBC1A3D20C930ED0040644A /* Main.storyboard */ = {
			isa = PBXVariantGroup;
			children = (
				FCBC1A3E20C930ED0040644A /* Base */,
			);
			name = Main.storyboard;
			sourceTree = "<group>";
		};
		FCBC1A4520C930F00040644A /* LaunchScreen.storyboard */ = {
			isa = PBXVariantGroup;
			children = (
				FCBC1A4620C930F00040644A /* Base */,
			);
			name = LaunchScreen.storyboard;
			sourceTree = "<group>";
		};
/* End PBXVariantGroup section */

/* Begin XCBuildConfiguration section */
		FCBC1A4920C930F00040644A /* Debug */ = {
			isa = XCBuildConfiguration;
			buildSettings = {
				ALWAYS_SEARCH_USER_PATHS = NO;
				CLANG_ANALYZER_NONNULL = YES;
				CLANG_ANALYZER_NUMBER_OBJECT_CONVERSION = YES_AGGRESSIVE;
				CLANG_CXX_LANGUAGE_STANDARD = "gnu++14";
				CLANG_CXX_LIBRARY = "libc++";
				CLANG_ENABLE_MODULES = YES;
				CLANG_ENABLE_OBJC_ARC = YES;
				CLANG_ENABLE_OBJC_WEAK = YES;
				CLANG_WARN_BLOCK_CAPTURE_AUTORELEASING = YES;
				CLANG_WARN_BOOL_CONVERSION = YES;
				CLANG_WARN_COMMA = YES;
				CLANG_WARN_CONSTANT_CONVERSION = YES;
				CLANG_WARN_DEPRECATED_OBJC_IMPLEMENTATIONS = YES;
				CLANG_WARN_DIRECT_OBJC_ISA_USAGE = YES_ERROR;
				CLANG_WARN_DOCUMENTATION_COMMENTS = YES;
				CLANG_WARN_EMPTY_BODY = YES;
				CLANG_WARN_ENUM_CONVERSION = YES;
				CLANG_WARN_INFINITE_RECURSION = YES;
				CLANG_WARN_INT_CONVERSION = YES;
				CLANG_WARN_NON_LITERAL_NULL_CONVERSION = YES;
				CLANG_WARN_OBJC_IMPLICIT_RETAIN_SELF = YES;
				CLANG_WARN_OBJC_LITERAL_CONVERSION = YES;
				CLANG_WARN_OBJC_ROOT_CLASS = YES_ERROR;
				CLANG_WARN_RANGE_LOOP_ANALYSIS = YES;
				CLANG_WARN_STRICT_PROTOTYPES = YES;
				CLANG_WARN_SUSPICIOUS_MOVE = YES;
				CLANG_WARN_UNGUARDED_AVAILABILITY = YES_AGGRESSIVE;
				CLANG_WARN_UNREACHABLE_CODE = YES;
				CLANG_WARN__DUPLICATE_METHOD_MATCH = YES;
				CODE_SIGN_IDENTITY = "iPhone Developer";
				COPY_PHASE_STRIP = NO;
				DEBUG_INFORMATION_FORMAT = dwarf;
				ENABLE_STRICT_OBJC_MSGSEND = YES;
				ENABLE_TESTABILITY = YES;
				GCC_C_LANGUAGE_STANDARD = gnu11;
				GCC_DYNAMIC_NO_PIC = NO;
				GCC_NO_COMMON_BLOCKS = YES;
				GCC_OPTIMIZATION_LEVEL = 0;
				GCC_PREPROCESSOR_DEFINITIONS = (
					"DEBUG=1",
					"$(inherited)",
				);
				GCC_WARN_64_TO_32_BIT_CONVERSION = YES;
				GCC_WARN_ABOUT_RETURN_TYPE = YES_ERROR;
				GCC_WARN_UNDECLARED_SELECTOR = YES;
				GCC_WARN_UNINITIALIZED_AUTOS = YES_AGGRESSIVE;
				GCC_WARN_UNUSED_FUNCTION = YES;
				GCC_WARN_UNUSED_VARIABLE = YES;
				IPHONEOS_DEPLOYMENT_TARGET = 11.3;
				MTL_ENABLE_DEBUG_INFO = YES;
				ONLY_ACTIVE_ARCH = YES;
				SDKROOT = iphoneos;
				SWIFT_ACTIVE_COMPILATION_CONDITIONS = DEBUG;
				SWIFT_OPTIMIZATION_LEVEL = "-Onone";
			};
			name = Debug;
		};
		FCBC1A4A20C930F00040644A /* Release */ = {
			isa = XCBuildConfiguration;
			buildSettings = {
				ALWAYS_SEARCH_USER_PATHS = NO;
				CLANG_ANALYZER_NONNULL = YES;
				CLANG_ANALYZER_NUMBER_OBJECT_CONVERSION = YES_AGGRESSIVE;
				CLANG_CXX_LANGUAGE_STANDARD = "gnu++14";
				CLANG_CXX_LIBRARY = "libc++";
				CLANG_ENABLE_MODULES = YES;
				CLANG_ENABLE_OBJC_ARC = YES;
				CLANG_ENABLE_OBJC_WEAK = YES;
				CLANG_WARN_BLOCK_CAPTURE_AUTORELEASING = YES;
				CLANG_WARN_BOOL_CONVERSION = YES;
				CLANG_WARN_COMMA = YES;
				CLANG_WARN_CONSTANT_CONVERSION = YES;
				CLANG_WARN_DEPRECATED_OBJC_IMPLEMENTATIONS = YES;
				CLANG_WARN_DIRECT_OBJC_ISA_USAGE = YES_ERROR;
				CLANG_WARN_DOCUMENTATION_COMMENTS = YES;
				CLANG_WARN_EMPTY_BODY = YES;
				CLANG_WARN_ENUM_CONVERSION = YES;
				CLANG_WARN_INFINITE_RECURSION = YES;
				CLANG_WARN_INT_CONVERSION = YES;
				CLANG_WARN_NON_LITERAL_NULL_CONVERSION = YES;
				CLANG_WARN_OBJC_IMPLICIT_RETAIN_SELF = YES;
				CLANG_WARN_OBJC_LITERAL_CONVERSION = YES;
				CLANG_WARN_OBJC_ROOT_CLASS = YES_ERROR;
				CLANG_WARN_RANGE_LOOP_ANALYSIS = YES;
				CLANG_WARN_STRICT_PROTOTYPES = YES;
				CLANG_WARN_SUSPICIOUS_MOVE = YES;
				CLANG_WARN_UNGUARDED_AVAILABILITY = YES_AGGRESSIVE;
				CLANG_WARN_UNREACHABLE_CODE = YES;
				CLANG_WARN__DUPLICATE_METHOD_MATCH = YES;
				CODE_SIGN_IDENTITY = "iPhone Developer";
				COPY_PHASE_STRIP = NO;
				DEBUG_INFORMATION_FORMAT = "dwarf-with-dsym";
				ENABLE_NS_ASSERTIONS = NO;
				ENABLE_STRICT_OBJC_MSGSEND = YES;
				GCC_C_LANGUAGE_STANDARD = gnu11;
				GCC_NO_COMMON_BLOCKS = YES;
				GCC_WARN_64_TO_32_BIT_CONVERSION = YES;
				GCC_WARN_ABOUT_RETURN_TYPE = YES_ERROR;
				GCC_WARN_UNDECLARED_SELECTOR = YES;
				GCC_WARN_UNINITIALIZED_AUTOS = YES_AGGRESSIVE;
				GCC_WARN_UNUSED_FUNCTION = YES;
				GCC_WARN_UNUSED_VARIABLE = YES;
				IPHONEOS_DEPLOYMENT_TARGET = 11.3;
				MTL_ENABLE_DEBUG_INFO = NO;
				SDKROOT = iphoneos;
				SWIFT_COMPILATION_MODE = wholemodule;
				SWIFT_OPTIMIZATION_LEVEL = "-O";
				VALIDATE_PRODUCT = YES;
			};
			name = Release;
		};
		FCBC1A4C20C930F00040644A /* Debug */ = {
			isa = XCBuildConfiguration;
			buildSettings = {
				ASSETCATALOG_COMPILER_APPICON_NAME = AppIcon;
				CODE_SIGN_STYLE = Automatic;
				INFOPLIST_FILE = Dialer/Info.plist;
				LD_RUNPATH_SEARCH_PATHS = (
					"$(inherited)",
					"@executable_path/Frameworks",
				);
				PRODUCT_BUNDLE_IDENTIFIER = s.Dialer;
				PRODUCT_NAME = "$(TARGET_NAME)";
				SWIFT_VERSION = 4.0;
				TARGETED_DEVICE_FAMILY = "1,2";
			};
			name = Debug;
		};
		FCBC1A4D20C930F00040644A /* Release */ = {
			isa = XCBuildConfiguration;
			buildSettings = {
				ASSETCATALOG_COMPILER_APPICON_NAME = AppIcon;
				CODE_SIGN_STYLE = Automatic;
				INFOPLIST_FILE = Dialer/Info.plist;
				LD_RUNPATH_SEARCH_PATHS = (
					"$(inherited)",
					"@executable_path/Frameworks",
				);
				PRODUCT_BUNDLE_IDENTIFIER = s.Dialer;
				PRODUCT_NAME = "$(TARGET_NAME)";
				SWIFT_VERSION = 4.0;
				TARGETED_DEVICE_FAMILY = "1,2";
			};
			name = Release;
		};
/* End XCBuildConfiguration section */

/* Begin XCConfigurationList section */
		FCBC1A3120C930ED0040644A /* Build configuration list for PBXProject "Dialer" */ = {
			isa = XCConfigurationList;
			buildConfigurations = (
				FCBC1A4920C930F00040644A /* Debug */,
				FCBC1A4A20C930F00040644A /* Release */,
			);
			defaultConfigurationIsVisible = 0;
			defaultConfigurationName = Release;
		};
		FCBC1A4B20C930F00040644A /* Build configuration list for PBXNativeTarget "Dialer" */ = {
			isa = XCConfigurationList;
			buildConfigurations = (
				FCBC1A4C20C930F00040644A /* Debug */,
				FCBC1A4D20C930F00040644A /* Release */,
			);
			defaultConfigurationIsVisible = 0;
			defaultConfigurationName = Release;
		};
/* End XCConfigurationList section */

/* Begin XCVersionGroup section */
		FCBC1A4020C930ED0040644A /* Dialer.xcdatamodeld */ = {
			isa = XCVersionGroup;
			children = (
				FCBC1A4120C930ED0040644A /* Dialer.xcdatamodel */,
			);
			currentVersion = FCBC1A4120C930ED0040644A /* Dialer.xcdatamodel */;
			path = Dialer.xcdatamodeld;
			sourceTree = "<group>";
			versionGroupType = wrapper.xcdatamodel;
		};
/* End XCVersionGroup section */
	};
	rootObject = FCBC1A2E20C930ED0040644A /* Project object */;
}
